# THIS IS AN AUTOGENERATED FILE. DO NOT EDIT THIS FILE DIRECTLY.
# yarn lockfile v1


"@nestjs/common@^6.1.0":
  version "6.1.0"
  resolved "http://registry.npm.taobao.org/@nestjs/common/download/@nestjs/common-6.1.0.tgz#5f70c88db621149ace3abcf428bccec78091e29e"
  integrity sha1-X3DIjbYhFJrOOrz0KLzOx4CR4p4=
  dependencies:
    axios "0.18.0"
    cli-color "1.4.0"
    uuid "3.3.2"

"@nestjs/swagger@^3.1.0":
  version "3.1.0"
  resolved "https://registry.npm.taobao.org/@nestjs/swagger/download/@nestjs/swagger-3.1.0.tgz#eea2d2ef7416a588e5f122b58cd194884e265dc4"
  integrity sha1-7qLS73QWpYjl8SK1jNGUiE4mXcQ=
  dependencies:
    lodash "4.17.14"
    path-to-regexp "3.0.0"

"@types/node@^12.12.5":
  version "12.12.5"
  resolved "https://registry.npm.taobao.org/@types/node/download/@types/node-12.12.5.tgz#66103d2eddc543d44a04394abb7be52506d7f290"
  integrity sha1-ZhA9Lt3FQ9RKBDlKu3vlJQbX8pA=

"@types/validator@10.11.3":
  version "10.11.3"
  resolved "https://registry.npm.taobao.org/@types/validator/download/@types/validator-10.11.3.tgz#945799bef24a953c5bc02011ca8ad79331a3ef25"
  integrity sha1-lFeZvvJKlTxbwCARyorXkzGj7yU=

ansi-regex@^2.1.1:
  version "2.1.1"
  resolved "http://registry.npm.taobao.org/ansi-regex/download/ansi-regex-2.1.1.tgz#c3b33ab5ee360d86e0e628f0468ae7ef27d654df"
  integrity sha1-w7M6te42DYbg5ijwRorn7yfWVN8=

axios@0.18.0:
  version "0.18.0"
  resolved "http://registry.npm.taobao.org/axios/download/axios-0.18.0.tgz#32d53e4851efdc0a11993b6cd000789d70c05102"
  integrity sha1-MtU+SFHv3AoRmTts0AB4nXDAUQI=
  dependencies:
    follow-redirects "^1.3.0"
    is-buffer "^1.1.5"

class-validator@^0.11.0:
  version "0.11.0"
  resolved "https://registry.npm.taobao.org/class-validator/download/class-validator-0.11.0.tgz#5fca8b8a957c738a6749391e03ee81fad375dc4a"
  integrity sha1-X8qLipV8c4pnSTkeA+6B+tN13Eo=
  dependencies:
    "@types/validator" "10.11.3"
    google-libphonenumber "^3.1.6"
    validator "12.0.0"

cli-color@1.4.0:
  version "1.4.0"
  resolved "http://registry.npm.taobao.org/cli-color/download/cli-color-1.4.0.tgz#7d10738f48526824f8fe7da51857cb0f572fe01f"
  integrity sha1-fRBzj0hSaCT4/n2lGFfLD1cv4B8=
  dependencies:
    ansi-regex "^2.1.1"
    d "1"
    es5-ext "^0.10.46"
    es6-iterator "^2.0.3"
    memoizee "^0.4.14"
    timers-ext "^0.1.5"

d@1:
  version "1.0.0"
  resolved "http://registry.npm.taobao.org/d/download/d-1.0.0.tgz#754bb5bfe55451da69a58b94d45f4c5b0462d58f"
  integrity sha1-dUu1v+VUUdpppYuU1F9MWwRi1Y8=
  dependencies:
    es5-ext "^0.10.9"

debug@^3.2.6:
  version "3.2.6"
  resolved "http://registry.npm.taobao.org/debug/download/debug-3.2.6.tgz#e83d17de16d8a7efb7717edbe5fb10135eee629b"
  integrity sha1-6D0X3hbYp++3cX7b5fsQE17uYps=
  dependencies:
    ms "^2.1.1"

es5-ext@^0.10.14, es5-ext@^0.10.35, es5-ext@^0.10.45, es5-ext@^0.10.46, es5-ext@^0.10.9, es5-ext@~0.10.14, es5-ext@~0.10.2, es5-ext@~0.10.46:
  version "0.10.49"
  resolved "http://registry.npm.taobao.org/es5-ext/download/es5-ext-0.10.49.tgz#059a239de862c94494fec28f8150c977028c6c5e"
  integrity sha1-BZojnehiyUSU/sKPgVDJdwKMbF4=
  dependencies:
    es6-iterator "~2.0.3"
    es6-symbol "~3.1.1"
    next-tick "^1.0.0"

es6-iterator@^2.0.1, es6-iterator@^2.0.3, es6-iterator@~2.0.3:
  version "2.0.3"
  resolved "http://registry.npm.taobao.org/es6-iterator/download/es6-iterator-2.0.3.tgz#a7de889141a05a94b0854403b2d0a0fbfa98f3b7"
  integrity sha1-p96IkUGgWpSwhUQDstCg+/qY87c=
  dependencies:
    d "1"
    es5-ext "^0.10.35"
    es6-symbol "^3.1.1"

es6-symbol@^3.1.1, es6-symbol@~3.1.1:
  version "3.1.1"
  resolved "http://registry.npm.taobao.org/es6-symbol/download/es6-symbol-3.1.1.tgz#bf00ef4fdab6ba1b46ecb7b629b4c7ed5715cc77"
  integrity sha1-vwDvT9q2uhtG7Le2KbTH7VcVzHc=
  dependencies:
    d "1"
    es5-ext "~0.10.14"

es6-weak-map@^2.0.2:
  version "2.0.2"
  resolved "http://registry.npm.taobao.org/es6-weak-map/download/es6-weak-map-2.0.2.tgz#5e3ab32251ffd1538a1f8e5ffa1357772f92d96f"
  integrity sha1-XjqzIlH/0VOKH45f+hNXdy+S2W8=
  dependencies:
    d "1"
    es5-ext "^0.10.14"
    es6-iterator "^2.0.1"
    es6-symbol "^3.1.1"

event-emitter@^0.3.5:
  version "0.3.5"
  resolved "http://registry.npm.taobao.org/event-emitter/download/event-emitter-0.3.5.tgz#df8c69eef1647923c7157b9ce83840610b02cc39"
  integrity sha1-34xp7vFkeSPHFXuc6DhAYQsCzDk=
  dependencies:
    d "1"
    es5-ext "~0.10.14"

follow-redirects@^1.3.0:
  version "1.7.0"
  resolved "http://registry.npm.taobao.org/follow-redirects/download/follow-redirects-1.7.0.tgz#489ebc198dc0e7f64167bd23b03c4c19b5784c76"
  integrity sha1-SJ68GY3A5/ZBZ70jsDxMGbV4THY=
  dependencies:
    debug "^3.2.6"

google-libphonenumber@^3.1.6:
  version "3.2.6"
  resolved "https://registry.npm.taobao.org/google-libphonenumber/download/google-libphonenumber-3.2.6.tgz#3d725b48ff44706b80246e77f95f2c2fdc6fd729"
  integrity sha1-PXJbSP9EcGuAJG53+V8sL9xv1yk=

is-buffer@^1.1.5:
  version "1.1.6"
  resolved "http://registry.npm.taobao.org/is-buffer/download/is-buffer-1.1.6.tgz#efaa2ea9daa0d7ab2ea13a97b2b8ad51fefbe8be"
  integrity sha1-76ouqdqg16suoTqXsritUf776L4=

is-promise@^2.1:
  version "2.1.0"
  resolved "http://registry.npm.taobao.org/is-promise/download/is-promise-2.1.0.tgz#79a2a9ece7f096e80f36d2b2f3bc16c1ff4bf3fa"
  integrity sha1-eaKp7OfwlugPNtKy87wWwf9L8/o=

lodash@4.17.14:
  version "4.17.14"
  resolved "https://registry.npm.taobao.org/lodash/download/lodash-4.17.14.tgz?cache=0&other_urls=https%3A%2F%2Fregistry.npm.taobao.org%2Flodash%2Fdownload%2Flodash-4.17.14.tgz#9ce487ae66c96254fe20b599f21b6816028078ba"
  integrity sha1-nOSHrmbJYlT+ILWZ8htoFgKAeLo=

lru-queue@0.1:
  version "0.1.0"
  resolved "http://registry.npm.taobao.org/lru-queue/download/lru-queue-0.1.0.tgz#2738bd9f0d3cf4f84490c5736c48699ac632cda3"
  integrity sha1-Jzi9nw089PhEkMVzbEhpmsYyzaM=
  dependencies:
    es5-ext "~0.10.2"

memoizee@^0.4.14:
  version "0.4.14"
  resolved "http://registry.npm.taobao.org/memoizee/download/memoizee-0.4.14.tgz#07a00f204699f9a95c2d9e77218271c7cd610d57"
  integrity sha1-B6APIEaZ+alcLZ53IYJxx81hDVc=
  dependencies:
    d "1"
    es5-ext "^0.10.45"
    es6-weak-map "^2.0.2"
    event-emitter "^0.3.5"
    is-promise "^2.1"
    lru-queue "0.1"
    next-tick "1"
    timers-ext "^0.1.5"

ms@^2.1.1:
  version "2.1.1"
  resolved "http://registry.npm.taobao.org/ms/download/ms-2.1.1.tgz#30a5864eb3ebb0a66f2ebe6d727af06a09d86e0a"
  integrity sha1-MKWGTrPrsKZvLr5tcnrwagnYbgo=

next-tick@1, next-tick@^1.0.0:
  version "1.0.0"
  resolved "http://registry.npm.taobao.org/next-tick/download/next-tick-1.0.0.tgz#ca86d1fe8828169b0120208e3dc8424b9db8342c"
  integrity sha1-yobR/ogoFpsBICCOPchCS524NCw=

path-to-regexp@3.0.0:
  version "3.0.0"
  resolved "https://registry.npm.taobao.org/path-to-regexp/download/path-to-regexp-3.0.0.tgz?cache=0&other_urls=https%3A%2F%2Fregistry.npm.taobao.org%2Fpath-to-regexp%2Fdownload%2Fpath-to-regexp-3.0.0.tgz#c981a218f3df543fa28696be2f88e0c58d2e012a"
  integrity sha1-yYGiGPPfVD+ihpa+L4jgxY0uASo=

rxjs@^6.5.3:
  version "6.5.3"
  resolved "https://registry.npm.taobao.org/rxjs/download/rxjs-6.5.3.tgz#510e26317f4db91a7eb1de77d9dd9ba0a4899a3a"
  integrity sha1-UQ4mMX9NuRp+sd532d2boKSJmjo=
  dependencies:
    tslib "^1.9.0"

timers-ext@^0.1.5:
  version "0.1.7"
  resolved "http://registry.npm.taobao.org/timers-ext/download/timers-ext-0.1.7.tgz#6f57ad8578e07a3fb9f91d9387d65647555e25c6"
  integrity sha1-b1ethXjgej+5+R2Th9ZWR1VeJcY=
  dependencies:
    es5-ext "~0.10.46"
    next-tick "1"

tslib@^1.9.0:
  version "1.10.0"
  resolved "https://registry.npm.taobao.org/tslib/download/tslib-1.10.0.tgz#c3c19f95973fb0a62973fb09d90d961ee43e5c8a"
  integrity sha1-w8GflZc/sKYpc/sJ2Q2WHuQ+XIo=

typescript@^3.4.3:
  version "3.4.3"
  resolved "https://registry.yarnpkg.com/typescript/-/typescript-3.4.3.tgz#0eb320e4ace9b10eadf5bc6103286b0f8b7c224f"
  integrity sha512-FFgHdPt4T/duxx6Ndf7hwgMZZjZpB+U0nMNGVCYPq0rEzWKjEDobm4J6yb3CS7naZ0yURFqdw9Gwc7UOh/P9oQ==

uuid@3.3.2:
  version "3.3.2"
  resolved "http://registry.npm.taobao.org/uuid/download/uuid-3.3.2.tgz#1b4af4955eb3077c501c23872fc6513811587131"
  integrity sha1-G0r0lV6zB3xQHCOHL8ZROBFYcTE=

validator@12.0.0:
  version "12.0.0"
  resolved "https://registry.npm.taobao.org/validator/download/validator-12.0.0.tgz?cache=0&other_urls=https%3A%2F%2Fregistry.npm.taobao.org%2Fvalidator%2Fdownload%2Fvalidator-12.0.0.tgz#fb33221f5320abe2422cda2f517dc3838064e813"
  integrity sha1-+zMiH1Mgq+JCLNovUX3Dg4Bk6BM=
